
Microsoft Visual Studio Solution File, Format Version 12.00
# Visual Studio Version 17
VisualStudioVersion = 17.9.34723.18
MinimumVisualStudioVersion = 10.0.40219.1
Project("{FAE04EC0-301F-11D3-BF4B-00C04F79EFBC}") = "MyFirstGit", "MyFirstGit\MyFirstGit.csproj", "{370613F0-62A7-4D1C-9A51-743954C0B05A}"
EndProject
Global
	GlobalSection(SolutionConfigurationPlatforms) = preSolution
		Debug|Any CPU = Debug|Any CPU
		Release|Any CPU = Release|Any CPU
	EndGlobalSection
	GlobalSection(ProjectConfigurationPlatforms) = postSolution
		{370613F0-62A7-4D1C-9A51-743954C0B05A}.Debug|Any CPU.ActiveCfg = Debug|Any CPU
		{370613F0-62A7-4D1C-9A51-743954C0B05A}.Debug|Any CPU.Build.0 = Debug|Any CPU
		{370613F0-62A7-4D1C-9A51-743954C0B05A}.Release|Any CPU.ActiveCfg = Release|Any CPU
		{370613F0-62A7-4D1C-9A51-743954C0B05A}.Release|Any CPU.Build.0 = Release|Any CPU
	EndGlobalSection
	GlobalSection(SolutionProperties) = preSolution
		HideSolutionNode = FALSE
	EndGlobalSection
	GlobalSection(ExtensibilityGlobals) = postSolution
		SolutionGuid = {D41AF61B-795E-426D-A4F7-036805AC2CD3}
	EndGlobalSection
EndGlobal
